
Microsoft Visual Studio Solution File, Format Version 12.00
# Visual Studio Version 16
VisualStudioVersion = 16.0.29326.143
MinimumVisualStudioVersion = 10.0.40219.1
Project("{FAE04EC0-301F-11D3-BF4B-00C04F79EFBC}") = "TestNinja", "TestNinja\TestNinja.csproj", "{5C4C145F-AA65-48B1-8533-13CCC598A893}"
EndProject
Project("{FAE04EC0-301F-11D3-BF4B-00C04F79EFBC}") = "UnitTest", "UnitTest\UnitTest.csproj", "{E12A22C0-DADB-486C-8A3E-6A604B4D4ED2}"
EndProject
Global
	GlobalSection(SolutionConfigurationPlatforms) = preSolution
		Debug|Any CPU = Debug|Any CPU
		Release|Any CPU = Release|Any CPU
	EndGlobalSection
	GlobalSection(ProjectConfigurationPlatforms) = postSolution
		{5C4C145F-AA65-48B1-8533-13CCC598A893}.Debug|Any CPU.ActiveCfg = Debug|Any CPU
		{5C4C145F-AA65-48B1-8533-13CCC598A893}.Debug|Any CPU.Build.0 = Debug|Any CPU
		{5C4C145F-AA65-48B1-8533-13CCC598A893}.Release|Any CPU.ActiveCfg = Release|Any CPU
		{5C4C145F-AA65-48B1-8533-13CCC598A893}.Release|Any CPU.Build.0 = Release|Any CPU
		{E12A22C0-DADB-486C-8A3E-6A604B4D4ED2}.Debug|Any CPU.ActiveCfg = Debug|Any CPU
		{E12A22C0-DADB-486C-8A3E-6A604B4D4ED2}.Debug|Any CPU.Build.0 = Debug|Any CPU
		{E12A22C0-DADB-486C-8A3E-6A604B4D4ED2}.Release|Any CPU.ActiveCfg = Release|Any CPU
		{E12A22C0-DADB-486C-8A3E-6A604B4D4ED2}.Release|Any CPU.Build.0 = Release|Any CPU
	EndGlobalSection
	GlobalSection(SolutionProperties) = preSolution
		HideSolutionNode = FALSE
	EndGlobalSection
	GlobalSection(ExtensibilityGlobals) = postSolution
		SolutionGuid = {62536EC4-FFC4-4394-A2D4-A693FDED22C0}
	EndGlobalSection
EndGlobal
